
Microsoft Visual Studio Solution File, Format Version 11.00
# Visual Studio 2010
Project("{FAE04EC0-301F-11D3-BF4B-00C04F79EFBC}") = "Assembly-CSharp", "Assembly-CSharp.csproj", "{504c3385-eeb5-249f-d65f-52659f4c4d93}"
EndProject
Project("{FAE04EC0-301F-11D3-BF4B-00C04F79EFBC}") = "Assembly-CSharp-Editor", "Assembly-CSharp-Editor.csproj", "{a0e80272-4476-8e3d-de43-1531a1b29ef6}"
EndProject
Global
	GlobalSection(SolutionConfigurationPlatforms) = preSolution
		Debug|Any CPU = Debug|Any CPU
	EndGlobalSection
	GlobalSection(ProjectConfigurationPlatforms) = postSolution
		{504c3385-eeb5-249f-d65f-52659f4c4d93}.Debug|Any CPU.ActiveCfg = Debug|Any CPU
		{504c3385-eeb5-249f-d65f-52659f4c4d93}.Debug|Any CPU.Build.0 = Debug|Any CPU
		{a0e80272-4476-8e3d-de43-1531a1b29ef6}.Debug|Any CPU.ActiveCfg = Debug|Any CPU
		{a0e80272-4476-8e3d-de43-1531a1b29ef6}.Debug|Any CPU.Build.0 = Debug|Any CPU
	EndGlobalSection
	GlobalSection(SolutionProperties) = preSolution
		HideSolutionNode = FALSE
	EndGlobalSection
EndGlobal
